
Microsoft Visual Studio Solution File, Format Version 12.00
# Visual Studio Version 17
VisualStudioVersion = 17.11.35327.3
MinimumVisualStudioVersion = 10.0.40219.1
Project("{FAE04EC0-301F-11D3-BF4B-00C04F79EFBC}") = "InvestmentSimulatorAPI", "InvestmentSimulatorAPI.csproj", "{E21622BA-DB93-4A9B-AD43-68A49F7EBE29}"
EndProject
Global
	GlobalSection(SolutionConfigurationPlatforms) = preSolution
		Debug|Any CPU = Debug|Any CPU
		Release|Any CPU = Release|Any CPU
	EndGlobalSection
	GlobalSection(ProjectConfigurationPlatforms) = postSolution
		{E21622BA-DB93-4A9B-AD43-68A49F7EBE29}.Debug|Any CPU.ActiveCfg = Debug|Any CPU
		{E21622BA-DB93-4A9B-AD43-68A49F7EBE29}.Debug|Any CPU.Build.0 = Debug|Any CPU
		{E21622BA-DB93-4A9B-AD43-68A49F7EBE29}.Release|Any CPU.ActiveCfg = Release|Any CPU
		{E21622BA-DB93-4A9B-AD43-68A49F7EBE29}.Release|Any CPU.Build.0 = Release|Any CPU
	EndGlobalSection
	GlobalSection(SolutionProperties) = preSolution
		HideSolutionNode = FALSE
	EndGlobalSection
	GlobalSection(ExtensibilityGlobals) = postSolution
		SolutionGuid = {D990C9F4-D1DE-41B6-B410-36E226E825AC}
	EndGlobalSection
EndGlobal
